# @generated by Move, please check-in and do not edit manually.

[move]
version = 2
manifest_digest = "4362D13759C0ED33D7F625373AD5EFAEA6841824AD5C9DECC0E10989317DB1FC"
deps_digest = "3C4103934B1E040BB6B23F1D610B4EF9F2F1166A50A104EADCF77467C004C600"
dependencies = [
  { name = "AnimaLib" },
  { name = "Sui" },
]

[[move.package]]
name = "AnimaLib"
source = { local = "../AnimaLib" }

dependencies = [
  { name = "Sui" },
]

[[move.package]]
name = "MoveStdlib"
source = { git = "https://github.com/MystenLabs/sui.git", rev = "framework/mainnet", subdir = "crates/sui-framework/packages/move-stdlib" }

[[move.package]]
name = "Sui"
source = { git = "https://github.com/MystenLabs/sui.git", rev = "framework/mainnet", subdir = "crates/sui-framework/packages/sui-framework" }

dependencies = [
  { name = "MoveStdlib" },
]

[move.toolchain-version]
compiler-version = "1.30.1"
edition = "2024.beta"
flavor = "sui"

[env]

[env.testnet]
chain-id = "4c78adac"
original-published-id = "0x82fedbc1262381127844460fd31979841095cb42d0e0c20224f7d41a01c2aff6"
latest-published-id = "0x82fedbc1262381127844460fd31979841095cb42d0e0c20224f7d41a01c2aff6"
published-version = "1"
