# @generated by Move, please check-in and do not edit manually.

[move]
version = 2
manifest_digest = "8792F39284C035EB90D8790283E8AE88FFBB00E81554806E36D041CAB2395410"
deps_digest = "3C4103934B1E040BB6B23F1D610B4EF9F2F1166A50A104EADCF77467C004C600"
dependencies = [
  { name = "AnimaLib" },
  { name = "Sui" },
]

[[move.package]]
name = "AnimaLib"
source = { local = "../AnimaLib" }

dependencies = [
  { name = "Sui" },
]

[[move.package]]
name = "MoveStdlib"
source = { git = "https://github.com/MystenLabs/sui.git", rev = "testnet", subdir = "crates/sui-framework/packages/move-stdlib" }

[[move.package]]
name = "Sui"
source = { git = "https://github.com/MystenLabs/sui.git", rev = "testnet", subdir = "crates/sui-framework/packages/sui-framework" }

dependencies = [
  { name = "MoveStdlib" },
]

[move.toolchain-version]
compiler-version = "1.32.0"
edition = "2024.beta"
flavor = "sui"

[env]

[env.testnet]
chain-id = "4c78adac"
original-published-id = "0x08c9dfd49291e31fb48885dcd1624dd3c0e6d8399bac576859c858fb0fd264b6"
latest-published-id = "0x08c9dfd49291e31fb48885dcd1624dd3c0e6d8399bac576859c858fb0fd264b6"
published-version = "1"
