# @generated by Move, please check-in and do not edit manually.

[move]
version = 2
manifest_digest = "F37DA532AF5D7D1B8A735003E8C5C2AA45DB723EF4434B2655B996A1DAE2AA6A"
deps_digest = "060AD7E57DFB13104F21BE5F5C3759D03F0553FC3229247D9A7A6B45F50D03A3"
dependencies = [
  { name = "AnimaLib" },
  { name = "Kiosk" },
  { name = "Sui" },
]

[[move.package]]
name = "AnimaLib"
source = { local = "../AnimaLib" }

dependencies = [
  { name = "Sui" },
]

[[move.package]]
name = "Kiosk"
source = { git = "https://github.com/MystenLabs/apps.git", rev = "main", subdir = "kiosk" }

dependencies = [
  { name = "Sui" },
]

[[move.package]]
name = "MoveStdlib"
source = { git = "https://github.com/MystenLabs/sui.git", rev = "framework/mainnet", subdir = "crates/sui-framework/packages/move-stdlib" }

[[move.package]]
name = "Sui"
source = { git = "https://github.com/MystenLabs/sui.git", rev = "framework/mainnet", subdir = "crates/sui-framework/packages/sui-framework" }

dependencies = [
  { name = "MoveStdlib" },
]

[move.toolchain-version]
compiler-version = "1.32.0"
edition = "2024.beta"
flavor = "sui"

[env]

[env.testnet]
chain-id = "4c78adac"
original-published-id = "0xe86adff06b4e996c92649331daea74ce597e26819d7c81a75a9a9a1ae9d845f7"
latest-published-id = "0xe86adff06b4e996c92649331daea74ce597e26819d7c81a75a9a9a1ae9d845f7"
published-version = "1"

[env.mainnet]
chain-id = "35834a8a"
original-published-id = "0x75cab45b9cba2d0b06a91d1f5fa51a4569da07374cf42c1bd2802846a61efe33"
latest-published-id = "0x75cab45b9cba2d0b06a91d1f5fa51a4569da07374cf42c1bd2802846a61efe33"
published-version = "1"
