# @generated by Move, please check-in and do not edit manually.

[move]
version = 2
manifest_digest = "05960E6CB68A0455FE63EAEA2DA63B2690705BE58B74F74CBC42D45AFB1C7560"
deps_digest = "060AD7E57DFB13104F21BE5F5C3759D03F0553FC3229247D9A7A6B45F50D03A3"
dependencies = [
  { name = "AnimaLib" },
  { name = "Kiosk" },
  { name = "Sui" },
]

[[move.package]]
name = "AnimaLib"
source = { local = "../AnimaLib" }

dependencies = [
  { name = "Sui" },
]

[[move.package]]
name = "Kiosk"
source = { git = "https://github.com/MystenLabs/apps.git", rev = "testnet", subdir = "kiosk" }

dependencies = [
  { name = "Sui" },
]

[[move.package]]
name = "MoveStdlib"
source = { git = "https://github.com/MystenLabs/sui.git", rev = "mainnet", subdir = "crates/sui-framework/packages/move-stdlib" }

[[move.package]]
name = "Sui"
source = { git = "https://github.com/MystenLabs/sui.git", rev = "mainnet", subdir = "crates/sui-framework/packages/sui-framework" }

dependencies = [
  { name = "MoveStdlib" },
]

[move.toolchain-version]
compiler-version = "1.30.1"
edition = "2024.beta"
flavor = "sui"

[env]

[env.testnet]
chain-id = "4c78adac"
original-published-id = "0x09d3b7549e0eb06a034b196f57a60fd20e9303091872d77f03230a434c53359f"
latest-published-id = "0x09d3b7549e0eb06a034b196f57a60fd20e9303091872d77f03230a434c53359f"
published-version = "1"
