# @generated by Move, please check-in and do not edit manually.

[move]
version = 2
manifest_digest = "813E5485415EC9ADC6251E12C81CAA1E30121D749B2633643D69E42E3CCEC514"
deps_digest = "F8BBB0CCB2491CA29A3DF03D6F92277A4F3574266507ACD77214D37ECA3F3082"
dependencies = [
  { name = "Sui" },
]

[[move.package]]
name = "MoveStdlib"
source = { git = "https://github.com/MystenLabs/sui.git", rev = "testnet", subdir = "crates/sui-framework/packages/move-stdlib" }

[[move.package]]
name = "Sui"
source = { git = "https://github.com/MystenLabs/sui.git", rev = "testnet", subdir = "crates/sui-framework/packages/sui-framework" }

dependencies = [
  { name = "MoveStdlib" },
]

[move.toolchain-version]
compiler-version = "1.32.0"
edition = "2024.beta"
flavor = "sui"

[env]

[env.testnet]
chain-id = "4c78adac"
original-published-id = "0x9d4fcbdcdc69cc8a07c70724cff3a8ffb454b772381689810a30cf648133a9a4"
latest-published-id = "0x9d4fcbdcdc69cc8a07c70724cff3a8ffb454b772381689810a30cf648133a9a4"
published-version = "1"
