# @generated by Move, please check-in and do not edit manually.

[move]
version = 2
manifest_digest = "4881BCB81E4C1A8ADBFB94082EF4B58188AA3F1E0611C00D399E2761CC55D580"
deps_digest = "F8BBB0CCB2491CA29A3DF03D6F92277A4F3574266507ACD77214D37ECA3F3082"
dependencies = [
  { name = "Sui" },
]

[[move.package]]
name = "MoveStdlib"
source = { git = "https://github.com/MystenLabs/sui.git", rev = "framework/mainnet", subdir = "crates/sui-framework/packages/move-stdlib" }

[[move.package]]
name = "Sui"
source = { git = "https://github.com/MystenLabs/sui.git", rev = "framework/mainnet", subdir = "crates/sui-framework/packages/sui-framework" }

dependencies = [
  { name = "MoveStdlib" },
]

[move.toolchain-version]
compiler-version = "1.30.1"
edition = "2024.beta"
flavor = "sui"

[env]

[env.testnet]
chain-id = "4c78adac"
original-published-id = "0xb4d37fa68d148ae0ea3d48464415ee6969220de75f11f754aed007cebdec33df"
latest-published-id = "0xb4d37fa68d148ae0ea3d48464415ee6969220de75f11f754aed007cebdec33df"
published-version = "1"

[env.baku]
chain-id = "db4b6646"
original-published-id = "0x9b0ba973bdeab909334bde51cafa6ab21a6c0f6c488ffd1ea1ee16983a57e684"
latest-published-id = "0x9b0ba973bdeab909334bde51cafa6ab21a6c0f6c488ffd1ea1ee16983a57e684"
published-version = "1"
