# @generated by Move, please check-in and do not edit manually.

[move]
version = 2
manifest_digest = "B83B6CD0EE41325C4C8715FE7F3334EAD26DD30F364B90AA6DDAA5AF721387C7"
deps_digest = "F8BBB0CCB2491CA29A3DF03D6F92277A4F3574266507ACD77214D37ECA3F3082"
dependencies = [
  { name = "Sui" },
]

[[move.package]]
name = "MoveStdlib"
source = { git = "https://github.com/MystenLabs/sui.git", rev = "testnet", subdir = "crates/sui-framework/packages/move-stdlib" }

[[move.package]]
name = "Sui"
source = { git = "https://github.com/MystenLabs/sui.git", rev = "testnet", subdir = "crates/sui-framework/packages/sui-framework" }

dependencies = [
  { name = "MoveStdlib" },
]

[move.toolchain-version]
compiler-version = "1.30.3"
edition = "2024.beta"
flavor = "sui"

[env]

[env.testnet]
chain-id = "4c78adac"
original-published-id = "0x28bb1ad72138d9886efb358e746aae38b15adaf74af449a866b65680f17d746b"
latest-published-id = "0x28bb1ad72138d9886efb358e746aae38b15adaf74af449a866b65680f17d746b"
published-version = "1"

[env.baku]
chain-id = "db4b6646"
original-published-id = "0x9b0ba973bdeab909334bde51cafa6ab21a6c0f6c488ffd1ea1ee16983a57e684"
latest-published-id = "0x9b0ba973bdeab909334bde51cafa6ab21a6c0f6c488ffd1ea1ee16983a57e684"
published-version = "1"
